
Microsoft Visual Studio Solution File, Format Version 12.00
# Visual Studio Version 17
VisualStudioVersion = 17.0.31903.59
MinimumVisualStudioVersion = 10.0.40219.1
Project("{FAE04EC0-301F-11D3-BF4B-00C04F79EFBC}") = "UserService", "UserService\UserService.csproj", "{236BAC88-B445-4551-9B20-4742E80F6A0A}"
EndProject
Project("{E53339B2-1760-4266-BCC7-CA923CBCF16C}") = "docker-compose", "docker-compose.dcproj", "{8D67C372-279E-4E70-A6A0-4824BCE08961}"
EndProject
Project("{FAE04EC0-301F-11D3-BF4B-00C04F79EFBC}") = "ProductService", "ProductService\ProductService.csproj", "{494B8A6E-297E-4520-A774-B1279A878469}"
EndProject
Project("{FAE04EC0-301F-11D3-BF4B-00C04F79EFBC}") = "CartService", "CartService\CartService.csproj", "{AE04F55F-0752-486B-B9D5-6C73DBB54D69}"
EndProject
Project("{FAE04EC0-301F-11D3-BF4B-00C04F79EFBC}") = "BuildingBlocks", "BuildingBlocks\BuildingBlocks.csproj", "{F9300AC8-C7C6-481E-8660-A0BC941F1170}"
EndProject
Global
	GlobalSection(SolutionConfigurationPlatforms) = preSolution
		Debug|Any CPU = Debug|Any CPU
		Release|Any CPU = Release|Any CPU
	EndGlobalSection
	GlobalSection(ProjectConfigurationPlatforms) = postSolution
		{236BAC88-B445-4551-9B20-4742E80F6A0A}.Debug|Any CPU.ActiveCfg = Debug|Any CPU
		{236BAC88-B445-4551-9B20-4742E80F6A0A}.Debug|Any CPU.Build.0 = Debug|Any CPU
		{236BAC88-B445-4551-9B20-4742E80F6A0A}.Release|Any CPU.ActiveCfg = Release|Any CPU
		{236BAC88-B445-4551-9B20-4742E80F6A0A}.Release|Any CPU.Build.0 = Release|Any CPU
		{8D67C372-279E-4E70-A6A0-4824BCE08961}.Debug|Any CPU.ActiveCfg = Debug|Any CPU
		{8D67C372-279E-4E70-A6A0-4824BCE08961}.Debug|Any CPU.Build.0 = Debug|Any CPU
		{8D67C372-279E-4E70-A6A0-4824BCE08961}.Release|Any CPU.ActiveCfg = Release|Any CPU
		{8D67C372-279E-4E70-A6A0-4824BCE08961}.Release|Any CPU.Build.0 = Release|Any CPU
		{494B8A6E-297E-4520-A774-B1279A878469}.Debug|Any CPU.ActiveCfg = Debug|Any CPU
		{494B8A6E-297E-4520-A774-B1279A878469}.Debug|Any CPU.Build.0 = Debug|Any CPU
		{494B8A6E-297E-4520-A774-B1279A878469}.Release|Any CPU.ActiveCfg = Release|Any CPU
		{494B8A6E-297E-4520-A774-B1279A878469}.Release|Any CPU.Build.0 = Release|Any CPU
		{AE04F55F-0752-486B-B9D5-6C73DBB54D69}.Debug|Any CPU.ActiveCfg = Debug|Any CPU
		{AE04F55F-0752-486B-B9D5-6C73DBB54D69}.Debug|Any CPU.Build.0 = Debug|Any CPU
		{AE04F55F-0752-486B-B9D5-6C73DBB54D69}.Release|Any CPU.ActiveCfg = Release|Any CPU
		{AE04F55F-0752-486B-B9D5-6C73DBB54D69}.Release|Any CPU.Build.0 = Release|Any CPU
		{F9300AC8-C7C6-481E-8660-A0BC941F1170}.Debug|Any CPU.ActiveCfg = Debug|Any CPU
		{F9300AC8-C7C6-481E-8660-A0BC941F1170}.Debug|Any CPU.Build.0 = Debug|Any CPU
		{F9300AC8-C7C6-481E-8660-A0BC941F1170}.Release|Any CPU.ActiveCfg = Release|Any CPU
		{F9300AC8-C7C6-481E-8660-A0BC941F1170}.Release|Any CPU.Build.0 = Release|Any CPU
	EndGlobalSection
	GlobalSection(SolutionProperties) = preSolution
		HideSolutionNode = FALSE
	EndGlobalSection
EndGlobal
